
Microsoft Visual Studio Solution File, Format Version 12.00
# Visual Studio Version 17
VisualStudioVersion = 17.4.33205.214
MinimumVisualStudioVersion = 10.0.40219.1
Project("{888888A0-9F3D-457C-B088-3A5042F75D52}") = "Python_Game", "Python_Game.pyproj", "{F73D8601-8079-4D73-85F0-03FEBBAC0D12}"
EndProject
Global
	GlobalSection(SolutionConfigurationPlatforms) = preSolution
		Debug|Any CPU = Debug|Any CPU
		Release|Any CPU = Release|Any CPU
	EndGlobalSection
	GlobalSection(ProjectConfigurationPlatforms) = postSolution
		{F73D8601-8079-4D73-85F0-03FEBBAC0D12}.Debug|Any CPU.ActiveCfg = Debug|Any CPU
		{F73D8601-8079-4D73-85F0-03FEBBAC0D12}.Release|Any CPU.ActiveCfg = Release|Any CPU
	EndGlobalSection
	GlobalSection(SolutionProperties) = preSolution
		HideSolutionNode = FALSE
	EndGlobalSection
	GlobalSection(ExtensibilityGlobals) = postSolution
		SolutionGuid = {063EAF31-B580-4514-B28F-EBF451F2D79F}
	EndGlobalSection
EndGlobal
